// !$*UTF8*$!
{
	archiveVersion = 1;
	classes = {
	};
	objectVersion = 55;
	objects = {

/* Begin PBXBuildFile section */
		0EFBDE4E495DEC6967498E78 /* Pods_TourGallery.framework in Frameworks */ = {isa = PBXBuildFile; fileRef = 961F8B87F4AEFB48A1B00107 /* Pods_TourGallery.framework */; };
		722B2F5028731575008F1A24 /* ImageService.swift in Sources */ = {isa = PBXBuildFile; fileRef = 722B2F4F28731575008F1A24 /* ImageService.swift */; };
		723FB2A7286C92310078D16D /* NetworkMonitor.swift in Sources */ = {isa = PBXBuildFile; fileRef = 723FB2A6286C92310078D16D /* NetworkMonitor.swift */; };
		723FB2AA286C98600078D16D /* SceneReactor.swift in Sources */ = {isa = PBXBuildFile; fileRef = 723FB2A9286C98600078D16D /* SceneReactor.swift */; };
		72577606286D66130088A722 /* TourAPI.swift in Sources */ = {isa = PBXBuildFile; fileRef = 72577605286D66130088A722 /* TourAPI.swift */; };
		7257760B286D84200088A722 /* TourServiceTest.swift in Sources */ = {isa = PBXBuildFile; fileRef = 7257760A286D84200088A722 /* TourServiceTest.swift */; };
		7257760D286D85730088A722 /* TourService.swift in Sources */ = {isa = PBXBuildFile; fileRef = 7257760C286D85730088A722 /* TourService.swift */; };
		72577610286D8AD20088A722 /* TourServiceStub.swift in Sources */ = {isa = PBXBuildFile; fileRef = 7257760F286D8AD20088A722 /* TourServiceStub.swift */; };
		72577616286D9A9B0088A722 /* TourGalleryPhoto.json in Resources */ = {isa = PBXBuildFile; fileRef = 72577615286D9A9B0088A722 /* TourGalleryPhoto.json */; };
		727FD02E2870390500768878 /* TourGalleryPhoto.json in Resources */ = {isa = PBXBuildFile; fileRef = 72577615286D9A9B0088A722 /* TourGalleryPhoto.json */; };
		727FD03428703A4200768878 /* TourPhotoDTO.swift in Sources */ = {isa = PBXBuildFile; fileRef = 727FD03328703A4200768878 /* TourPhotoDTO.swift */; };
		727FD03A28705A0400768878 /* SceneReactorTest.swift in Sources */ = {isa = PBXBuildFile; fileRef = 727FD03928705A0400768878 /* SceneReactorTest.swift */; };
		727FD03C28705AC700768878 /* NetworkMonitorStub.swift in Sources */ = {isa = PBXBuildFile; fileRef = 727FD03B28705AC700768878 /* NetworkMonitorStub.swift */; };
		727FD03E2870614D00768878 /* SplashView.swift in Sources */ = {isa = PBXBuildFile; fileRef = 727FD03D2870614D00768878 /* SplashView.swift */; };
		727FD040287062D700768878 /* SplashReactor.swift in Sources */ = {isa = PBXBuildFile; fileRef = 727FD03F287062D700768878 /* SplashReactor.swift */; };
		72B9A11828741D3F0040C109 /* GalleryReactor.swift in Sources */ = {isa = PBXBuildFile; fileRef = 72B9A11728741D3F0040C109 /* GalleryReactor.swift */; };
		72B9A11A2874259B0040C109 /* GalleryViewController.swift in Sources */ = {isa = PBXBuildFile; fileRef = 72B9A1192874259B0040C109 /* GalleryViewController.swift */; };
		72B9A11C287426000040C109 /* GalleryView.swift in Sources */ = {isa = PBXBuildFile; fileRef = 72B9A11B287426000040C109 /* GalleryView.swift */; };
		72F46126286C447D009C98B3 /* AppDelegate.swift in Sources */ = {isa = PBXBuildFile; fileRef = 72F46125286C447D009C98B3 /* AppDelegate.swift */; };
		72F46128286C447D009C98B3 /* SceneDelegate.swift in Sources */ = {isa = PBXBuildFile; fileRef = 72F46127286C447D009C98B3 /* SceneDelegate.swift */; };
		72F4612A286C447D009C98B3 /* SplashViewController.swift in Sources */ = {isa = PBXBuildFile; fileRef = 72F46129286C447D009C98B3 /* SplashViewController.swift */; };
		72F4612F286C447F009C98B3 /* Assets.xcassets in Resources */ = {isa = PBXBuildFile; fileRef = 72F4612E286C447F009C98B3 /* Assets.xcassets */; };
		72F46132286C447F009C98B3 /* LaunchScreen.storyboard in Resources */ = {isa = PBXBuildFile; fileRef = 72F46130286C447F009C98B3 /* LaunchScreen.storyboard */; };
		72F4613D286C447F009C98B3 /* TourGalleryTests.swift in Sources */ = {isa = PBXBuildFile; fileRef = 72F4613C286C447F009C98B3 /* TourGalleryTests.swift */; };
		72F46147286C447F009C98B3 /* TourGalleryUITests.swift in Sources */ = {isa = PBXBuildFile; fileRef = 72F46146286C447F009C98B3 /* TourGalleryUITests.swift */; };
		72F46149286C447F009C98B3 /* TourGalleryUITestsLaunchTests.swift in Sources */ = {isa = PBXBuildFile; fileRef = 72F46148286C447F009C98B3 /* TourGalleryUITestsLaunchTests.swift */; };
		9557CE3E879B4852E09C587C /* Pods_TourGallery_TourGalleryUITests.framework in Frameworks */ = {isa = PBXBuildFile; fileRef = 3747FF5450326D19747BD02D /* Pods_TourGallery_TourGalleryUITests.framework */; };
		F22280A1B024240AB4146760 /* Pods_TourGalleryTests.framework in Frameworks */ = {isa = PBXBuildFile; fileRef = 5EBCB02B711C04907FFE2287 /* Pods_TourGalleryTests.framework */; };
/* End PBXBuildFile section */

/* Begin PBXContainerItemProxy section */
		72F46139286C447F009C98B3 /* PBXContainerItemProxy */ = {
			isa = PBXContainerItemProxy;
			containerPortal = 72F4611A286C447D009C98B3 /* Project object */;
			proxyType = 1;
			remoteGlobalIDString = 72F46121286C447D009C98B3;
			remoteInfo = TourGallery;
		};
		72F46143286C447F009C98B3 /* PBXContainerItemProxy */ = {
			isa = PBXContainerItemProxy;
			containerPortal = 72F4611A286C447D009C98B3 /* Project object */;
			proxyType = 1;
			remoteGlobalIDString = 72F46121286C447D009C98B3;
			remoteInfo = TourGallery;
		};
/* End PBXContainerItemProxy section */

/* Begin PBXFileReference section */
		3747FF5450326D19747BD02D /* Pods_TourGallery_TourGalleryUITests.framework */ = {isa = PBXFileReference; explicitFileType = wrapper.framework; includeInIndex = 0; path = Pods_TourGallery_TourGalleryUITests.framework; sourceTree = BUILT_PRODUCTS_DIR; };
		4D2F1895804407F89F4EA65A /* Pods-TourGalleryTests.release.xcconfig */ = {isa = PBXFileReference; includeInIndex = 1; lastKnownFileType = text.xcconfig; name = "Pods-TourGalleryTests.release.xcconfig"; path = "Target Support Files/Pods-TourGalleryTests/Pods-TourGalleryTests.release.xcconfig"; sourceTree = "<group>"; };
		5EBCB02B711C04907FFE2287 /* Pods_TourGalleryTests.framework */ = {isa = PBXFileReference; explicitFileType = wrapper.framework; includeInIndex = 0; path = Pods_TourGalleryTests.framework; sourceTree = BUILT_PRODUCTS_DIR; };
		722B2F4F28731575008F1A24 /* ImageService.swift */ = {isa = PBXFileReference; lastKnownFileType = sourcecode.swift; path = ImageService.swift; sourceTree = "<group>"; };
		723FB2A6286C92310078D16D /* NetworkMonitor.swift */ = {isa = PBXFileReference; lastKnownFileType = sourcecode.swift; path = NetworkMonitor.swift; sourceTree = "<group>"; };
		723FB2A9286C98600078D16D /* SceneReactor.swift */ = {isa = PBXFileReference; lastKnownFileType = sourcecode.swift; path = SceneReactor.swift; sourceTree = "<group>"; };
		72577605286D66130088A722 /* TourAPI.swift */ = {isa = PBXFileReference; lastKnownFileType = sourcecode.swift; path = TourAPI.swift; sourceTree = "<group>"; };
		72577607286D69110088A722 /* SecretAPIKey.xcconfig */ = {isa = PBXFileReference; lastKnownFileType = text.xcconfig; path = SecretAPIKey.xcconfig; sourceTree = "<group>"; };
		7257760A286D84200088A722 /* TourServiceTest.swift */ = {isa = PBXFileReference; lastKnownFileType = sourcecode.swift; path = TourServiceTest.swift; sourceTree = "<group>"; };
		7257760C286D85730088A722 /* TourService.swift */ = {isa = PBXFileReference; lastKnownFileType = sourcecode.swift; path = TourService.swift; sourceTree = "<group>"; };
		7257760F286D8AD20088A722 /* TourServiceStub.swift */ = {isa = PBXFileReference; lastKnownFileType = sourcecode.swift; path = TourServiceStub.swift; sourceTree = "<group>"; };
		72577615286D9A9B0088A722 /* TourGalleryPhoto.json */ = {isa = PBXFileReference; lastKnownFileType = text.json; path = TourGalleryPhoto.json; sourceTree = "<group>"; };
		727FD03328703A4200768878 /* TourPhotoDTO.swift */ = {isa = PBXFileReference; lastKnownFileType = sourcecode.swift; path = TourPhotoDTO.swift; sourceTree = "<group>"; };
		727FD03928705A0400768878 /* SceneReactorTest.swift */ = {isa = PBXFileReference; lastKnownFileType = sourcecode.swift; path = SceneReactorTest.swift; sourceTree = "<group>"; };
		727FD03B28705AC700768878 /* NetworkMonitorStub.swift */ = {isa = PBXFileReference; lastKnownFileType = sourcecode.swift; path = NetworkMonitorStub.swift; sourceTree = "<group>"; };
		727FD03D2870614D00768878 /* SplashView.swift */ = {isa = PBXFileReference; lastKnownFileType = sourcecode.swift; path = SplashView.swift; sourceTree = "<group>"; };
		727FD03F287062D700768878 /* SplashReactor.swift */ = {isa = PBXFileReference; lastKnownFileType = sourcecode.swift; path = SplashReactor.swift; sourceTree = "<group>"; };
		72B9A11728741D3F0040C109 /* GalleryReactor.swift */ = {isa = PBXFileReference; lastKnownFileType = sourcecode.swift; path = GalleryReactor.swift; sourceTree = "<group>"; };
		72B9A1192874259B0040C109 /* GalleryViewController.swift */ = {isa = PBXFileReference; lastKnownFileType = sourcecode.swift; path = GalleryViewController.swift; sourceTree = "<group>"; };
		72B9A11B287426000040C109 /* GalleryView.swift */ = {isa = PBXFileReference; lastKnownFileType = sourcecode.swift; path = GalleryView.swift; sourceTree = "<group>"; };
		72F46122286C447D009C98B3 /* TourGallery.app */ = {isa = PBXFileReference; explicitFileType = wrapper.application; includeInIndex = 0; path = TourGallery.app; sourceTree = BUILT_PRODUCTS_DIR; };
		72F46125286C447D009C98B3 /* AppDelegate.swift */ = {isa = PBXFileReference; lastKnownFileType = sourcecode.swift; path = AppDelegate.swift; sourceTree = "<group>"; };
		72F46127286C447D009C98B3 /* SceneDelegate.swift */ = {isa = PBXFileReference; lastKnownFileType = sourcecode.swift; path = SceneDelegate.swift; sourceTree = "<group>"; };
		72F46129286C447D009C98B3 /* SplashViewController.swift */ = {isa = PBXFileReference; lastKnownFileType = sourcecode.swift; path = SplashViewController.swift; sourceTree = "<group>"; };
		72F4612E286C447F009C98B3 /* Assets.xcassets */ = {isa = PBXFileReference; lastKnownFileType = folder.assetcatalog; path = Assets.xcassets; sourceTree = "<group>"; };
		72F46131286C447F009C98B3 /* Base */ = {isa = PBXFileReference; lastKnownFileType = file.storyboard; name = Base; path = Base.lproj/LaunchScreen.storyboard; sourceTree = "<group>"; };
		72F46133286C447F009C98B3 /* Info.plist */ = {isa = PBXFileReference; lastKnownFileType = text.plist.xml; path = Info.plist; sourceTree = "<group>"; };
		72F46138286C447F009C98B3 /* TourGalleryTests.xctest */ = {isa = PBXFileReference; explicitFileType = wrapper.cfbundle; includeInIndex = 0; path = TourGalleryTests.xctest; sourceTree = BUILT_PRODUCTS_DIR; };
		72F4613C286C447F009C98B3 /* TourGalleryTests.swift */ = {isa = PBXFileReference; lastKnownFileType = sourcecode.swift; path = TourGalleryTests.swift; sourceTree = "<group>"; };
		72F46142286C447F009C98B3 /* TourGalleryUITests.xctest */ = {isa = PBXFileReference; explicitFileType = wrapper.cfbundle; includeInIndex = 0; path = TourGalleryUITests.xctest; sourceTree = BUILT_PRODUCTS_DIR; };
		72F46146286C447F009C98B3 /* TourGalleryUITests.swift */ = {isa = PBXFileReference; lastKnownFileType = sourcecode.swift; path = TourGalleryUITests.swift; sourceTree = "<group>"; };
		72F46148286C447F009C98B3 /* TourGalleryUITestsLaunchTests.swift */ = {isa = PBXFileReference; lastKnownFileType = sourcecode.swift; path = TourGalleryUITestsLaunchTests.swift; sourceTree = "<group>"; };
		948EE7520AB8C66D64D1CDA1 /* Pods-TourGallery.release.xcconfig */ = {isa = PBXFileReference; includeInIndex = 1; lastKnownFileType = text.xcconfig; name = "Pods-TourGallery.release.xcconfig"; path = "Target Support Files/Pods-TourGallery/Pods-TourGallery.release.xcconfig"; sourceTree = "<group>"; };
		961F8B87F4AEFB48A1B00107 /* Pods_TourGallery.framework */ = {isa = PBXFileReference; explicitFileType = wrapper.framework; includeInIndex = 0; path = Pods_TourGallery.framework; sourceTree = BUILT_PRODUCTS_DIR; };
		BF271FC1CBD1044FFD0C3F1F /* Pods-TourGalleryTests.debug.xcconfig */ = {isa = PBXFileReference; includeInIndex = 1; lastKnownFileType = text.xcconfig; name = "Pods-TourGalleryTests.debug.xcconfig"; path = "Target Support Files/Pods-TourGalleryTests/Pods-TourGalleryTests.debug.xcconfig"; sourceTree = "<group>"; };
		C14D6FE7731A3E23EC252EB5 /* Pods-TourGallery.debug.xcconfig */ = {isa = PBXFileReference; includeInIndex = 1; lastKnownFileType = text.xcconfig; name = "Pods-TourGallery.debug.xcconfig"; path = "Target Support Files/Pods-TourGallery/Pods-TourGallery.debug.xcconfig"; sourceTree = "<group>"; };
		CEF032BF81C7463D7EDB19BB /* Pods-TourGallery-TourGalleryUITests.debug.xcconfig */ = {isa = PBXFileReference; includeInIndex = 1; lastKnownFileType = text.xcconfig; name = "Pods-TourGallery-TourGalleryUITests.debug.xcconfig"; path = "Target Support Files/Pods-TourGallery-TourGalleryUITests/Pods-TourGallery-TourGalleryUITests.debug.xcconfig"; sourceTree = "<group>"; };
		F9D45F6B7658AE23CBCDCD40 /* Pods-TourGallery-TourGalleryUITests.release.xcconfig */ = {isa = PBXFileReference; includeInIndex = 1; lastKnownFileType = text.xcconfig; name = "Pods-TourGallery-TourGalleryUITests.release.xcconfig"; path = "Target Support Files/Pods-TourGallery-TourGalleryUITests/Pods-TourGallery-TourGalleryUITests.release.xcconfig"; sourceTree = "<group>"; };
/* End PBXFileReference section */

/* Begin PBXFrameworksBuildPhase section */
		72F4611F286C447D009C98B3 /* Frameworks */ = {
			isa = PBXFrameworksBuildPhase;
			buildActionMask = 2147483647;
			files = (
				0EFBDE4E495DEC6967498E78 /* Pods_TourGallery.framework in Frameworks */,
			);
			runOnlyForDeploymentPostprocessing = 0;
		};
		72F46135286C447F009C98B3 /* Frameworks */ = {
			isa = PBXFrameworksBuildPhase;
			buildActionMask = 2147483647;
			files = (
				F22280A1B024240AB4146760 /* Pods_TourGalleryTests.framework in Frameworks */,
			);
			runOnlyForDeploymentPostprocessing = 0;
		};
		72F4613F286C447F009C98B3 /* Frameworks */ = {
			isa = PBXFrameworksBuildPhase;
			buildActionMask = 2147483647;
			files = (
				9557CE3E879B4852E09C587C /* Pods_TourGallery_TourGalleryUITests.framework in Frameworks */,
			);
			runOnlyForDeploymentPostprocessing = 0;
		};
/* End PBXFrameworksBuildPhase section */

/* Begin PBXGroup section */
		1BA8AE9B82A856A1A4E7C475 /* Pods */ = {
			isa = PBXGroup;
			children = (
				C14D6FE7731A3E23EC252EB5 /* Pods-TourGallery.debug.xcconfig */,
				948EE7520AB8C66D64D1CDA1 /* Pods-TourGallery.release.xcconfig */,
				CEF032BF81C7463D7EDB19BB /* Pods-TourGallery-TourGalleryUITests.debug.xcconfig */,
				F9D45F6B7658AE23CBCDCD40 /* Pods-TourGallery-TourGalleryUITests.release.xcconfig */,
				BF271FC1CBD1044FFD0C3F1F /* Pods-TourGalleryTests.debug.xcconfig */,
				4D2F1895804407F89F4EA65A /* Pods-TourGalleryTests.release.xcconfig */,
			);
			path = Pods;
			sourceTree = "<group>";
		};
		2926695F147E7B020D41CFEA /* Frameworks */ = {
			isa = PBXGroup;
			children = (
				961F8B87F4AEFB48A1B00107 /* Pods_TourGallery.framework */,
				3747FF5450326D19747BD02D /* Pods_TourGallery_TourGalleryUITests.framework */,
				5EBCB02B711C04907FFE2287 /* Pods_TourGalleryTests.framework */,
			);
			name = Frameworks;
			sourceTree = "<group>";
		};
		723FB2A5286C92150078D16D /* network_state */ = {
			isa = PBXGroup;
			children = (
				723FB2A6286C92310078D16D /* NetworkMonitor.swift */,
				722B2F4F28731575008F1A24 /* ImageService.swift */,
			);
			path = network_state;
			sourceTree = "<group>";
		};
		723FB2A8286C98550078D16D /* scene */ = {
			isa = PBXGroup;
			children = (
				72F46127286C447D009C98B3 /* SceneDelegate.swift */,
				723FB2A9286C98600078D16D /* SceneReactor.swift */,
			);
			path = scene;
			sourceTree = "<group>";
		};
		72577604286D65840088A722 /* network */ = {
			isa = PBXGroup;
			children = (
				723FB2A5286C92150078D16D /* network_state */,
				72577605286D66130088A722 /* TourAPI.swift */,
				7257760C286D85730088A722 /* TourService.swift */,
			);
			path = network;
			sourceTree = "<group>";
		};
		72577608286D81DC0088A722 /* service_test */ = {
			isa = PBXGroup;
			children = (
				7257760A286D84200088A722 /* TourServiceTest.swift */,
			);
			path = service_test;
			sourceTree = "<group>";
		};
		7257760E286D8ABF0088A722 /* mock */ = {
			isa = PBXGroup;
			children = (
				727FD03B28705AC700768878 /* NetworkMonitorStub.swift */,
				7257760F286D8AD20088A722 /* TourServiceStub.swift */,
			);
			path = mock;
			sourceTree = "<group>";
		};
		72577611286D8C5E0088A722 /* resource */ = {
			isa = PBXGroup;
			children = (
				72577615286D9A9B0088A722 /* TourGalleryPhoto.json */,
				72577607286D69110088A722 /* SecretAPIKey.xcconfig */,
			);
			path = resource;
			sourceTree = "<group>";
		};
		727FD02F28703A0700768878 /* entity */ = {
			isa = PBXGroup;
			children = (
				727FD03028703A0F00768878 /* dto */,
			);
			path = entity;
			sourceTree = "<group>";
		};
		727FD03028703A0F00768878 /* dto */ = {
			isa = PBXGroup;
			children = (
				727FD03328703A4200768878 /* TourPhotoDTO.swift */,
			);
			path = dto;
			sourceTree = "<group>";
		};
		727FD035287055AE00768878 /* splash */ = {
			isa = PBXGroup;
			children = (
				72F46129286C447D009C98B3 /* SplashViewController.swift */,
				727FD03D2870614D00768878 /* SplashView.swift */,
				727FD03F287062D700768878 /* SplashReactor.swift */,
			);
			path = splash;
			sourceTree = "<group>";
		};
		727FD038287059B800768878 /* reactor_test */ = {
			isa = PBXGroup;
			children = (
				727FD03928705A0400768878 /* SceneReactorTest.swift */,
			);
			path = reactor_test;
			sourceTree = "<group>";
		};
		72B9A11628741D330040C109 /* gallery */ = {
			isa = PBXGroup;
			children = (
				72B9A11728741D3F0040C109 /* GalleryReactor.swift */,
				72B9A1192874259B0040C109 /* GalleryViewController.swift */,
				72B9A11B287426000040C109 /* GalleryView.swift */,
			);
			path = gallery;
			sourceTree = "<group>";
		};
		72F46119286C447D009C98B3 = {
			isa = PBXGroup;
			children = (
				72F46124286C447D009C98B3 /* TourGallery */,
				72F4613B286C447F009C98B3 /* TourGalleryTests */,
				72F46145286C447F009C98B3 /* TourGalleryUITests */,
				72F46123286C447D009C98B3 /* Products */,
				1BA8AE9B82A856A1A4E7C475 /* Pods */,
				2926695F147E7B020D41CFEA /* Frameworks */,
			);
			sourceTree = "<group>";
		};
		72F46123286C447D009C98B3 /* Products */ = {
			isa = PBXGroup;
			children = (
				72F46122286C447D009C98B3 /* TourGallery.app */,
				72F46138286C447F009C98B3 /* TourGalleryTests.xctest */,
				72F46142286C447F009C98B3 /* TourGalleryUITests.xctest */,
			);
			name = Products;
			sourceTree = "<group>";
		};
		72F46124286C447D009C98B3 /* TourGallery */ = {
			isa = PBXGroup;
			children = (
				72B9A11628741D330040C109 /* gallery */,
				727FD035287055AE00768878 /* splash */,
				727FD02F28703A0700768878 /* entity */,
				72577604286D65840088A722 /* network */,
				723FB2A8286C98550078D16D /* scene */,
				72577611286D8C5E0088A722 /* resource */,
				72F46125286C447D009C98B3 /* AppDelegate.swift */,
				72F46133286C447F009C98B3 /* Info.plist */,
				72F4612E286C447F009C98B3 /* Assets.xcassets */,
				72F46130286C447F009C98B3 /* LaunchScreen.storyboard */,
			);
			path = TourGallery;
			sourceTree = "<group>";
		};
		72F4613B286C447F009C98B3 /* TourGalleryTests */ = {
			isa = PBXGroup;
			children = (
				7257760E286D8ABF0088A722 /* mock */,
				727FD038287059B800768878 /* reactor_test */,
				72577608286D81DC0088A722 /* service_test */,
				72F4613C286C447F009C98B3 /* TourGalleryTests.swift */,
			);
			path = TourGalleryTests;
			sourceTree = "<group>";
		};
		72F46145286C447F009C98B3 /* TourGalleryUITests */ = {
			isa = PBXGroup;
			children = (
				72F46146286C447F009C98B3 /* TourGalleryUITests.swift */,
				72F46148286C447F009C98B3 /* TourGalleryUITestsLaunchTests.swift */,
			);
			path = TourGalleryUITests;
			sourceTree = "<group>";
		};
/* End PBXGroup section */

/* Begin PBXNativeTarget section */
		72F46121286C447D009C98B3 /* TourGallery */ = {
			isa = PBXNativeTarget;
			buildConfigurationList = 72F4614C286C447F009C98B3 /* Build configuration list for PBXNativeTarget "TourGallery" */;
			buildPhases = (
				E4DBFBCF86EAE6A6F0450449 /* [CP] Check Pods Manifest.lock */,
				72F4611E286C447D009C98B3 /* Sources */,
				72F4611F286C447D009C98B3 /* Frameworks */,
				72F46120286C447D009C98B3 /* Resources */,
				AC736302659E84172DA8302B /* [CP] Embed Pods Frameworks */,
			);
			buildRules = (
			);
			dependencies = (
			);
			name = TourGallery;
			productName = TourGallery;
			productReference = 72F46122286C447D009C98B3 /* TourGallery.app */;
			productType = "com.apple.product-type.application";
		};
		72F46137286C447F009C98B3 /* TourGalleryTests */ = {
			isa = PBXNativeTarget;
			buildConfigurationList = 72F4614F286C447F009C98B3 /* Build configuration list for PBXNativeTarget "TourGalleryTests" */;
			buildPhases = (
				DAD002DC73D15C436637E962 /* [CP] Check Pods Manifest.lock */,
				72F46134286C447F009C98B3 /* Sources */,
				72F46135286C447F009C98B3 /* Frameworks */,
				72F46136286C447F009C98B3 /* Resources */,
			);
			buildRules = (
			);
			dependencies = (
				72F4613A286C447F009C98B3 /* PBXTargetDependency */,
			);
			name = TourGalleryTests;
			productName = TourGalleryTests;
			productReference = 72F46138286C447F009C98B3 /* TourGalleryTests.xctest */;
			productType = "com.apple.product-type.bundle.unit-test";
		};
		72F46141286C447F009C98B3 /* TourGalleryUITests */ = {
			isa = PBXNativeTarget;
			buildConfigurationList = 72F46152286C447F009C98B3 /* Build configuration list for PBXNativeTarget "TourGalleryUITests" */;
			buildPhases = (
				A688171939BF8CEE4CBB9822 /* [CP] Check Pods Manifest.lock */,
				72F4613E286C447F009C98B3 /* Sources */,
				72F4613F286C447F009C98B3 /* Frameworks */,
				72F46140286C447F009C98B3 /* Resources */,
				870BAB85E302BFD9F6E1015B /* [CP] Embed Pods Frameworks */,
			);
			buildRules = (
			);
			dependencies = (
				72F46144286C447F009C98B3 /* PBXTargetDependency */,
			);
			name = TourGalleryUITests;
			productName = TourGalleryUITests;
			productReference = 72F46142286C447F009C98B3 /* TourGalleryUITests.xctest */;
			productType = "com.apple.product-type.bundle.ui-testing";
		};
/* End PBXNativeTarget section */

/* Begin PBXProject section */
		72F4611A286C447D009C98B3 /* Project object */ = {
			isa = PBXProject;
			attributes = {
				BuildIndependentTargetsInParallel = 1;
				LastSwiftUpdateCheck = 1320;
				LastUpgradeCheck = 1320;
				TargetAttributes = {
					72F46121286C447D009C98B3 = {
						CreatedOnToolsVersion = 13.2.1;
					};
					72F46137286C447F009C98B3 = {
						CreatedOnToolsVersion = 13.2.1;
						TestTargetID = 72F46121286C447D009C98B3;
					};
					72F46141286C447F009C98B3 = {
						CreatedOnToolsVersion = 13.2.1;
						TestTargetID = 72F46121286C447D009C98B3;
					};
				};
			};
			buildConfigurationList = 72F4611D286C447D009C98B3 /* Build configuration list for PBXProject "TourGallery" */;
			compatibilityVersion = "Xcode 13.0";
			developmentRegion = en;
			hasScannedForEncodings = 0;
			knownRegions = (
				en,
				Base,
			);
			mainGroup = 72F46119286C447D009C98B3;
			productRefGroup = 72F46123286C447D009C98B3 /* Products */;
			projectDirPath = "";
			projectRoot = "";
			targets = (
				72F46121286C447D009C98B3 /* TourGallery */,
				72F46137286C447F009C98B3 /* TourGalleryTests */,
				72F46141286C447F009C98B3 /* TourGalleryUITests */,
			);
		};
/* End PBXProject section */

/* Begin PBXResourcesBuildPhase section */
		72F46120286C447D009C98B3 /* Resources */ = {
			isa = PBXResourcesBuildPhase;
			buildActionMask = 2147483647;
			files = (
				727FD02E2870390500768878 /* TourGalleryPhoto.json in Resources */,
				72F46132286C447F009C98B3 /* LaunchScreen.storyboard in Resources */,
				72F4612F286C447F009C98B3 /* Assets.xcassets in Resources */,
			);
			runOnlyForDeploymentPostprocessing = 0;
		};
		72F46136286C447F009C98B3 /* Resources */ = {
			isa = PBXResourcesBuildPhase;
			buildActionMask = 2147483647;
			files = (
				72577616286D9A9B0088A722 /* TourGalleryPhoto.json in Resources */,
			);
			runOnlyForDeploymentPostprocessing = 0;
		};
		72F46140286C447F009C98B3 /* Resources */ = {
			isa = PBXResourcesBuildPhase;
			buildActionMask = 2147483647;
			files = (
			);
			runOnlyForDeploymentPostprocessing = 0;
		};
/* End PBXResourcesBuildPhase section */

/* Begin PBXShellScriptBuildPhase section */
		870BAB85E302BFD9F6E1015B /* [CP] Embed Pods Frameworks */ = {
			isa = PBXShellScriptBuildPhase;
			buildActionMask = 2147483647;
			files = (
			);
			inputFileListPaths = (
				"${PODS_ROOT}/Target Support Files/Pods-TourGallery-TourGalleryUITests/Pods-TourGallery-TourGalleryUITests-frameworks-${CONFIGURATION}-input-files.xcfilelist",
			);
			name = "[CP] Embed Pods Frameworks";
			outputFileListPaths = (
				"${PODS_ROOT}/Target Support Files/Pods-TourGallery-TourGalleryUITests/Pods-TourGallery-TourGalleryUITests-frameworks-${CONFIGURATION}-output-files.xcfilelist",
			);
			runOnlyForDeploymentPostprocessing = 0;
			shellPath = /bin/sh;
			shellScript = "\"${PODS_ROOT}/Target Support Files/Pods-TourGallery-TourGalleryUITests/Pods-TourGallery-TourGalleryUITests-frameworks.sh\"\n";
			showEnvVarsInLog = 0;
		};
		A688171939BF8CEE4CBB9822 /* [CP] Check Pods Manifest.lock */ = {
			isa = PBXShellScriptBuildPhase;
			buildActionMask = 2147483647;
			files = (
			);
			inputFileListPaths = (
			);
			inputPaths = (
				"${PODS_PODFILE_DIR_PATH}/Podfile.lock",
				"${PODS_ROOT}/Manifest.lock",
			);
			name = "[CP] Check Pods Manifest.lock";
			outputFileListPaths = (
			);
			outputPaths = (
				"$(DERIVED_FILE_DIR)/Pods-TourGallery-TourGalleryUITests-checkManifestLockResult.txt",
			);
			runOnlyForDeploymentPostprocessing = 0;
			shellPath = /bin/sh;
			shellScript = "diff \"${PODS_PODFILE_DIR_PATH}/Podfile.lock\" \"${PODS_ROOT}/Manifest.lock\" > /dev/null\nif [ $? != 0 ] ; then\n    # print error to STDERR\n    echo \"error: The sandbox is not in sync with the Podfile.lock. Run 'pod install' or update your CocoaPods installation.\" >&2\n    exit 1\nfi\n# This output is used by Xcode 'outputs' to avoid re-running this script phase.\necho \"SUCCESS\" > \"${SCRIPT_OUTPUT_FILE_0}\"\n";
			showEnvVarsInLog = 0;
		};
		AC736302659E84172DA8302B /* [CP] Embed Pods Frameworks */ = {
			isa = PBXShellScriptBuildPhase;
			buildActionMask = 2147483647;
			files = (
			);
			inputFileListPaths = (
				"${PODS_ROOT}/Target Support Files/Pods-TourGallery/Pods-TourGallery-frameworks-${CONFIGURATION}-input-files.xcfilelist",
			);
			name = "[CP] Embed Pods Frameworks";
			outputFileListPaths = (
				"${PODS_ROOT}/Target Support Files/Pods-TourGallery/Pods-TourGallery-frameworks-${CONFIGURATION}-output-files.xcfilelist",
			);
			runOnlyForDeploymentPostprocessing = 0;
			shellPath = /bin/sh;
			shellScript = "\"${PODS_ROOT}/Target Support Files/Pods-TourGallery/Pods-TourGallery-frameworks.sh\"\n";
			showEnvVarsInLog = 0;
		};
		DAD002DC73D15C436637E962 /* [CP] Check Pods Manifest.lock */ = {
			isa = PBXShellScriptBuildPhase;
			buildActionMask = 2147483647;
			files = (
			);
			inputFileListPaths = (
			);
			inputPaths = (
				"${PODS_PODFILE_DIR_PATH}/Podfile.lock",
				"${PODS_ROOT}/Manifest.lock",
			);
			name = "[CP] Check Pods Manifest.lock";
			outputFileListPaths = (
			);
			outputPaths = (
				"$(DERIVED_FILE_DIR)/Pods-TourGalleryTests-checkManifestLockResult.txt",
			);
			runOnlyForDeploymentPostprocessing = 0;
			shellPath = /bin/sh;
			shellScript = "diff \"${PODS_PODFILE_DIR_PATH}/Podfile.lock\" \"${PODS_ROOT}/Manifest.lock\" > /dev/null\nif [ $? != 0 ] ; then\n    # print error to STDERR\n    echo \"error: The sandbox is not in sync with the Podfile.lock. Run 'pod install' or update your CocoaPods installation.\" >&2\n    exit 1\nfi\n# This output is used by Xcode 'outputs' to avoid re-running this script phase.\necho \"SUCCESS\" > \"${SCRIPT_OUTPUT_FILE_0}\"\n";
			showEnvVarsInLog = 0;
		};
		E4DBFBCF86EAE6A6F0450449 /* [CP] Check Pods Manifest.lock */ = {
			isa = PBXShellScriptBuildPhase;
			buildActionMask = 2147483647;
			files = (
			);
			inputFileListPaths = (
			);
			inputPaths = (
				"${PODS_PODFILE_DIR_PATH}/Podfile.lock",
				"${PODS_ROOT}/Manifest.lock",
			);
			name = "[CP] Check Pods Manifest.lock";
			outputFileListPaths = (
			);
			outputPaths = (
				"$(DERIVED_FILE_DIR)/Pods-TourGallery-checkManifestLockResult.txt",
			);
			runOnlyForDeploymentPostprocessing = 0;
			shellPath = /bin/sh;
			shellScript = "diff \"${PODS_PODFILE_DIR_PATH}/Podfile.lock\" \"${PODS_ROOT}/Manifest.lock\" > /dev/null\nif [ $? != 0 ] ; then\n    # print error to STDERR\n    echo \"error: The sandbox is not in sync with the Podfile.lock. Run 'pod install' or update your CocoaPods installation.\" >&2\n    exit 1\nfi\n# This output is used by Xcode 'outputs' to avoid re-running this script phase.\necho \"SUCCESS\" > \"${SCRIPT_OUTPUT_FILE_0}\"\n";
			showEnvVarsInLog = 0;
		};
/* End PBXShellScriptBuildPhase section */

/* Begin PBXSourcesBuildPhase section */
		72F4611E286C447D009C98B3 /* Sources */ = {
			isa = PBXSourcesBuildPhase;
			buildActionMask = 2147483647;
			files = (
				727FD03428703A4200768878 /* TourPhotoDTO.swift in Sources */,
				72F4612A286C447D009C98B3 /* SplashViewController.swift in Sources */,
				727FD03E2870614D00768878 /* SplashView.swift in Sources */,
				723FB2A7286C92310078D16D /* NetworkMonitor.swift in Sources */,
				72F46126286C447D009C98B3 /* AppDelegate.swift in Sources */,
				72B9A11A2874259B0040C109 /* GalleryViewController.swift in Sources */,
				7257760D286D85730088A722 /* TourService.swift in Sources */,
				72B9A11C287426000040C109 /* GalleryView.swift in Sources */,
				72F46128286C447D009C98B3 /* SceneDelegate.swift in Sources */,
				72B9A11828741D3F0040C109 /* GalleryReactor.swift in Sources */,
				727FD040287062D700768878 /* SplashReactor.swift in Sources */,
				722B2F5028731575008F1A24 /* ImageService.swift in Sources */,
				72577606286D66130088A722 /* TourAPI.swift in Sources */,
				723FB2AA286C98600078D16D /* SceneReactor.swift in Sources */,
			);
			runOnlyForDeploymentPostprocessing = 0;
		};
		72F46134286C447F009C98B3 /* Sources */ = {
			isa = PBXSourcesBuildPhase;
			buildActionMask = 2147483647;
			files = (
				727FD03C28705AC700768878 /* NetworkMonitorStub.swift in Sources */,
				7257760B286D84200088A722 /* TourServiceTest.swift in Sources */,
				72F4613D286C447F009C98B3 /* TourGalleryTests.swift in Sources */,
				72577610286D8AD20088A722 /* TourServiceStub.swift in Sources */,
				727FD03A28705A0400768878 /* SceneReactorTest.swift in Sources */,
			);
			runOnlyForDeploymentPostprocessing = 0;
		};
		72F4613E286C447F009C98B3 /* Sources */ = {
			isa = PBXSourcesBuildPhase;
			buildActionMask = 2147483647;
			files = (
				72F46147286C447F009C98B3 /* TourGalleryUITests.swift in Sources */,
				72F46149286C447F009C98B3 /* TourGalleryUITestsLaunchTests.swift in Sources */,
			);
			runOnlyForDeploymentPostprocessing = 0;
		};
/* End PBXSourcesBuildPhase section */

/* Begin PBXTargetDependency section */
		72F4613A286C447F009C98B3 /* PBXTargetDependency */ = {
			isa = PBXTargetDependency;
			target = 72F46121286C447D009C98B3 /* TourGallery */;
			targetProxy = 72F46139286C447F009C98B3 /* PBXContainerItemProxy */;
		};
		72F46144286C447F009C98B3 /* PBXTargetDependency */ = {
			isa = PBXTargetDependency;
			target = 72F46121286C447D009C98B3 /* TourGallery */;
			targetProxy = 72F46143286C447F009C98B3 /* PBXContainerItemProxy */;
		};
/* End PBXTargetDependency section */

/* Begin PBXVariantGroup section */
		72F46130286C447F009C98B3 /* LaunchScreen.storyboard */ = {
			isa = PBXVariantGroup;
			children = (
				72F46131286C447F009C98B3 /* Base */,
			);
			name = LaunchScreen.storyboard;
			sourceTree = "<group>";
		};
/* End PBXVariantGroup section */

/* Begin XCBuildConfiguration section */
		72F4614A286C447F009C98B3 /* Debug */ = {
			isa = XCBuildConfiguration;
			baseConfigurationReference = 72577607286D69110088A722 /* SecretAPIKey.xcconfig */;
			buildSettings = {
				ALWAYS_SEARCH_USER_PATHS = NO;
				CLANG_ANALYZER_NONNULL = YES;
				CLANG_ANALYZER_NUMBER_OBJECT_CONVERSION = YES_AGGRESSIVE;
				CLANG_CXX_LANGUAGE_STANDARD = "gnu++17";
				CLANG_CXX_LIBRARY = "libc++";
				CLANG_ENABLE_MODULES = YES;
				CLANG_ENABLE_OBJC_ARC = YES;
				CLANG_ENABLE_OBJC_WEAK = YES;
				CLANG_WARN_BLOCK_CAPTURE_AUTORELEASING = YES;
				CLANG_WARN_BOOL_CONVERSION = YES;
				CLANG_WARN_COMMA = YES;
				CLANG_WARN_CONSTANT_CONVERSION = YES;
				CLANG_WARN_DEPRECATED_OBJC_IMPLEMENTATIONS = YES;
				CLANG_WARN_DIRECT_OBJC_ISA_USAGE = YES_ERROR;
				CLANG_WARN_DOCUMENTATION_COMMENTS = YES;
				CLANG_WARN_EMPTY_BODY = YES;
				CLANG_WARN_ENUM_CONVERSION = YES;
				CLANG_WARN_INFINITE_RECURSION = YES;
				CLANG_WARN_INT_CONVERSION = YES;
				CLANG_WARN_NON_LITERAL_NULL_CONVERSION = YES;
				CLANG_WARN_OBJC_IMPLICIT_RETAIN_SELF = YES;
				CLANG_WARN_OBJC_LITERAL_CONVERSION = YES;
				CLANG_WARN_OBJC_ROOT_CLASS = YES_ERROR;
				CLANG_WARN_QUOTED_INCLUDE_IN_FRAMEWORK_HEADER = YES;
				CLANG_WARN_RANGE_LOOP_ANALYSIS = YES;
				CLANG_WARN_STRICT_PROTOTYPES = YES;
				CLANG_WARN_SUSPICIOUS_MOVE = YES;
				CLANG_WARN_UNGUARDED_AVAILABILITY = YES_AGGRESSIVE;
				CLANG_WARN_UNREACHABLE_CODE = YES;
				CLANG_WARN__DUPLICATE_METHOD_MATCH = YES;
				COPY_PHASE_STRIP = NO;
				DEBUG_INFORMATION_FORMAT = dwarf;
				ENABLE_STRICT_OBJC_MSGSEND = YES;
				ENABLE_TESTABILITY = YES;
				GCC_C_LANGUAGE_STANDARD = gnu11;
				GCC_DYNAMIC_NO_PIC = NO;
				GCC_NO_COMMON_BLOCKS = YES;
				GCC_OPTIMIZATION_LEVEL = 0;
				GCC_PREPROCESSOR_DEFINITIONS = (
					"DEBUG=1",
					"$(inherited)",
				);
				GCC_WARN_64_TO_32_BIT_CONVERSION = YES;
				GCC_WARN_ABOUT_RETURN_TYPE = YES_ERROR;
				GCC_WARN_UNDECLARED_SELECTOR = YES;
				GCC_WARN_UNINITIALIZED_AUTOS = YES_AGGRESSIVE;
				GCC_WARN_UNUSED_FUNCTION = YES;
				GCC_WARN_UNUSED_VARIABLE = YES;
				IPHONEOS_DEPLOYMENT_TARGET = 15.2;
				MTL_ENABLE_DEBUG_INFO = INCLUDE_SOURCE;
				MTL_FAST_MATH = YES;
				ONLY_ACTIVE_ARCH = YES;
				SDKROOT = iphoneos;
				SWIFT_ACTIVE_COMPILATION_CONDITIONS = DEBUG;
				SWIFT_OPTIMIZATION_LEVEL = "-Onone";
			};
			name = Debug;
		};
		72F4614B286C447F009C98B3 /* Release */ = {
			isa = XCBuildConfiguration;
			baseConfigurationReference = 72577607286D69110088A722 /* SecretAPIKey.xcconfig */;
			buildSettings = {
				ALWAYS_SEARCH_USER_PATHS = NO;
				CLANG_ANALYZER_NONNULL = YES;
				CLANG_ANALYZER_NUMBER_OBJECT_CONVERSION = YES_AGGRESSIVE;
				CLANG_CXX_LANGUAGE_STANDARD = "gnu++17";
				CLANG_CXX_LIBRARY = "libc++";
				CLANG_ENABLE_MODULES = YES;
				CLANG_ENABLE_OBJC_ARC = YES;
				CLANG_ENABLE_OBJC_WEAK = YES;
				CLANG_WARN_BLOCK_CAPTURE_AUTORELEASING = YES;
				CLANG_WARN_BOOL_CONVERSION = YES;
				CLANG_WARN_COMMA = YES;
				CLANG_WARN_CONSTANT_CONVERSION = YES;
				CLANG_WARN_DEPRECATED_OBJC_IMPLEMENTATIONS = YES;
				CLANG_WARN_DIRECT_OBJC_ISA_USAGE = YES_ERROR;
				CLANG_WARN_DOCUMENTATION_COMMENTS = YES;
				CLANG_WARN_EMPTY_BODY = YES;
				CLANG_WARN_ENUM_CONVERSION = YES;
				CLANG_WARN_INFINITE_RECURSION = YES;
				CLANG_WARN_INT_CONVERSION = YES;
				CLANG_WARN_NON_LITERAL_NULL_CONVERSION = YES;
				CLANG_WARN_OBJC_IMPLICIT_RETAIN_SELF = YES;
				CLANG_WARN_OBJC_LITERAL_CONVERSION = YES;
				CLANG_WARN_OBJC_ROOT_CLASS = YES_ERROR;
				CLANG_WARN_QUOTED_INCLUDE_IN_FRAMEWORK_HEADER = YES;
				CLANG_WARN_RANGE_LOOP_ANALYSIS = YES;
				CLANG_WARN_STRICT_PROTOTYPES = YES;
				CLANG_WARN_SUSPICIOUS_MOVE = YES;
				CLANG_WARN_UNGUARDED_AVAILABILITY = YES_AGGRESSIVE;
				CLANG_WARN_UNREACHABLE_CODE = YES;
				CLANG_WARN__DUPLICATE_METHOD_MATCH = YES;
				COPY_PHASE_STRIP = NO;
				DEBUG_INFORMATION_FORMAT = "dwarf-with-dsym";
				ENABLE_NS_ASSERTIONS = NO;
				ENABLE_STRICT_OBJC_MSGSEND = YES;
				GCC_C_LANGUAGE_STANDARD = gnu11;
				GCC_NO_COMMON_BLOCKS = YES;
				GCC_WARN_64_TO_32_BIT_CONVERSION = YES;
				GCC_WARN_ABOUT_RETURN_TYPE = YES_ERROR;
				GCC_WARN_UNDECLARED_SELECTOR = YES;
				GCC_WARN_UNINITIALIZED_AUTOS = YES_AGGRESSIVE;
				GCC_WARN_UNUSED_FUNCTION = YES;
				GCC_WARN_UNUSED_VARIABLE = YES;
				IPHONEOS_DEPLOYMENT_TARGET = 15.2;
				MTL_ENABLE_DEBUG_INFO = NO;
				MTL_FAST_MATH = YES;
				SDKROOT = iphoneos;
				SWIFT_COMPILATION_MODE = wholemodule;
				SWIFT_OPTIMIZATION_LEVEL = "-O";
				VALIDATE_PRODUCT = YES;
			};
			name = Release;
		};
		72F4614D286C447F009C98B3 /* Debug */ = {
			isa = XCBuildConfiguration;
			baseConfigurationReference = C14D6FE7731A3E23EC252EB5 /* Pods-TourGallery.debug.xcconfig */;
			buildSettings = {
				ASSETCATALOG_COMPILER_APPICON_NAME = AppIcon;
				ASSETCATALOG_COMPILER_GLOBAL_ACCENT_COLOR_NAME = AccentColor;
				CODE_SIGN_STYLE = Automatic;
				CURRENT_PROJECT_VERSION = 1;
				DEVELOPMENT_TEAM = B3PWYBKFUK;
				GENERATE_INFOPLIST_FILE = YES;
				INFOPLIST_FILE = TourGallery/Info.plist;
				INFOPLIST_KEY_UIApplicationSupportsIndirectInputEvents = YES;
				INFOPLIST_KEY_UILaunchStoryboardName = LaunchScreen;
				INFOPLIST_KEY_UISupportedInterfaceOrientations_iPad = "UIInterfaceOrientationPortrait UIInterfaceOrientationPortraitUpsideDown UIInterfaceOrientationLandscapeLeft UIInterfaceOrientationLandscapeRight";
				INFOPLIST_KEY_UISupportedInterfaceOrientations_iPhone = "UIInterfaceOrientationPortrait UIInterfaceOrientationLandscapeLeft UIInterfaceOrientationLandscapeRight";
				LD_RUNPATH_SEARCH_PATHS = (
					"$(inherited)",
					"@executable_path/Frameworks",
				);
				MARKETING_VERSION = 1.0;
				PRODUCT_BUNDLE_IDENTIFIER = practice.TourGallery;
				PRODUCT_NAME = "$(TARGET_NAME)";
				SWIFT_EMIT_LOC_STRINGS = YES;
				SWIFT_VERSION = 5.0;
				TARGETED_DEVICE_FAMILY = "1,2";
			};
			name = Debug;
		};
		72F4614E286C447F009C98B3 /* Release */ = {
			isa = XCBuildConfiguration;
			baseConfigurationReference = 948EE7520AB8C66D64D1CDA1 /* Pods-TourGallery.release.xcconfig */;
			buildSettings = {
				ASSETCATALOG_COMPILER_APPICON_NAME = AppIcon;
				ASSETCATALOG_COMPILER_GLOBAL_ACCENT_COLOR_NAME = AccentColor;
				CODE_SIGN_STYLE = Automatic;
				CURRENT_PROJECT_VERSION = 1;
				DEVELOPMENT_TEAM = B3PWYBKFUK;
				GENERATE_INFOPLIST_FILE = YES;
				INFOPLIST_FILE = TourGallery/Info.plist;
				INFOPLIST_KEY_UIApplicationSupportsIndirectInputEvents = YES;
				INFOPLIST_KEY_UILaunchStoryboardName = LaunchScreen;
				INFOPLIST_KEY_UISupportedInterfaceOrientations_iPad = "UIInterfaceOrientationPortrait UIInterfaceOrientationPortraitUpsideDown UIInterfaceOrientationLandscapeLeft UIInterfaceOrientationLandscapeRight";
				INFOPLIST_KEY_UISupportedInterfaceOrientations_iPhone = "UIInterfaceOrientationPortrait UIInterfaceOrientationLandscapeLeft UIInterfaceOrientationLandscapeRight";
				LD_RUNPATH_SEARCH_PATHS = (
					"$(inherited)",
					"@executable_path/Frameworks",
				);
				MARKETING_VERSION = 1.0;
				PRODUCT_BUNDLE_IDENTIFIER = practice.TourGallery;
				PRODUCT_NAME = "$(TARGET_NAME)";
				SWIFT_EMIT_LOC_STRINGS = YES;
				SWIFT_VERSION = 5.0;
				TARGETED_DEVICE_FAMILY = "1,2";
			};
			name = Release;
		};
		72F46150286C447F009C98B3 /* Debug */ = {
			isa = XCBuildConfiguration;
			baseConfigurationReference = BF271FC1CBD1044FFD0C3F1F /* Pods-TourGalleryTests.debug.xcconfig */;
			buildSettings = {
				ALWAYS_EMBED_SWIFT_STANDARD_LIBRARIES = YES;
				BUNDLE_LOADER = "$(TEST_HOST)";
				CODE_SIGN_STYLE = Automatic;
				CURRENT_PROJECT_VERSION = 1;
				DEVELOPMENT_TEAM = B3PWYBKFUK;
				GENERATE_INFOPLIST_FILE = YES;
				IPHONEOS_DEPLOYMENT_TARGET = 15.2;
				MARKETING_VERSION = 1.0;
				PRODUCT_BUNDLE_IDENTIFIER = practice.TourGalleryTests;
				PRODUCT_NAME = "$(TARGET_NAME)";
				SWIFT_EMIT_LOC_STRINGS = NO;
				SWIFT_VERSION = 5.0;
				TARGETED_DEVICE_FAMILY = "1,2";
				TEST_HOST = "$(BUILT_PRODUCTS_DIR)/TourGallery.app/TourGallery";
			};
			name = Debug;
		};
		72F46151286C447F009C98B3 /* Release */ = {
			isa = XCBuildConfiguration;
			baseConfigurationReference = 4D2F1895804407F89F4EA65A /* Pods-TourGalleryTests.release.xcconfig */;
			buildSettings = {
				ALWAYS_EMBED_SWIFT_STANDARD_LIBRARIES = YES;
				BUNDLE_LOADER = "$(TEST_HOST)";
				CODE_SIGN_STYLE = Automatic;
				CURRENT_PROJECT_VERSION = 1;
				DEVELOPMENT_TEAM = B3PWYBKFUK;
				GENERATE_INFOPLIST_FILE = YES;
				IPHONEOS_DEPLOYMENT_TARGET = 15.2;
				MARKETING_VERSION = 1.0;
				PRODUCT_BUNDLE_IDENTIFIER = practice.TourGalleryTests;
				PRODUCT_NAME = "$(TARGET_NAME)";
				SWIFT_EMIT_LOC_STRINGS = NO;
				SWIFT_VERSION = 5.0;
				TARGETED_DEVICE_FAMILY = "1,2";
				TEST_HOST = "$(BUILT_PRODUCTS_DIR)/TourGallery.app/TourGallery";
			};
			name = Release;
		};
		72F46153286C447F009C98B3 /* Debug */ = {
			isa = XCBuildConfiguration;
			baseConfigurationReference = CEF032BF81C7463D7EDB19BB /* Pods-TourGallery-TourGalleryUITests.debug.xcconfig */;
			buildSettings = {
				ALWAYS_EMBED_SWIFT_STANDARD_LIBRARIES = YES;
				CODE_SIGN_STYLE = Automatic;
				CURRENT_PROJECT_VERSION = 1;
				DEVELOPMENT_TEAM = B3PWYBKFUK;
				GENERATE_INFOPLIST_FILE = YES;
				MARKETING_VERSION = 1.0;
				PRODUCT_BUNDLE_IDENTIFIER = practice.TourGalleryUITests;
				PRODUCT_NAME = "$(TARGET_NAME)";
				SWIFT_EMIT_LOC_STRINGS = NO;
				SWIFT_VERSION = 5.0;
				TARGETED_DEVICE_FAMILY = "1,2";
				TEST_TARGET_NAME = TourGallery;
			};
			name = Debug;
		};
		72F46154286C447F009C98B3 /* Release */ = {
			isa = XCBuildConfiguration;
			baseConfigurationReference = F9D45F6B7658AE23CBCDCD40 /* Pods-TourGallery-TourGalleryUITests.release.xcconfig */;
			buildSettings = {
				ALWAYS_EMBED_SWIFT_STANDARD_LIBRARIES = YES;
				CODE_SIGN_STYLE = Automatic;
				CURRENT_PROJECT_VERSION = 1;
				DEVELOPMENT_TEAM = B3PWYBKFUK;
				GENERATE_INFOPLIST_FILE = YES;
				MARKETING_VERSION = 1.0;
				PRODUCT_BUNDLE_IDENTIFIER = practice.TourGalleryUITests;
				PRODUCT_NAME = "$(TARGET_NAME)";
				SWIFT_EMIT_LOC_STRINGS = NO;
				SWIFT_VERSION = 5.0;
				TARGETED_DEVICE_FAMILY = "1,2";
				TEST_TARGET_NAME = TourGallery;
			};
			name = Release;
		};
/* End XCBuildConfiguration section */

/* Begin XCConfigurationList section */
		72F4611D286C447D009C98B3 /* Build configuration list for PBXProject "TourGallery" */ = {
			isa = XCConfigurationList;
			buildConfigurations = (
				72F4614A286C447F009C98B3 /* Debug */,
				72F4614B286C447F009C98B3 /* Release */,
			);
			defaultConfigurationIsVisible = 0;
			defaultConfigurationName = Release;
		};
		72F4614C286C447F009C98B3 /* Build configuration list for PBXNativeTarget "TourGallery" */ = {
			isa = XCConfigurationList;
			buildConfigurations = (
				72F4614D286C447F009C98B3 /* Debug */,
				72F4614E286C447F009C98B3 /* Release */,
			);
			defaultConfigurationIsVisible = 0;
			defaultConfigurationName = Release;
		};
		72F4614F286C447F009C98B3 /* Build configuration list for PBXNativeTarget "TourGalleryTests" */ = {
			isa = XCConfigurationList;
			buildConfigurations = (
				72F46150286C447F009C98B3 /* Debug */,
				72F46151286C447F009C98B3 /* Release */,
			);
			defaultConfigurationIsVisible = 0;
			defaultConfigurationName = Release;
		};
		72F46152286C447F009C98B3 /* Build configuration list for PBXNativeTarget "TourGalleryUITests" */ = {
			isa = XCConfigurationList;
			buildConfigurations = (
				72F46153286C447F009C98B3 /* Debug */,
				72F46154286C447F009C98B3 /* Release */,
			);
			defaultConfigurationIsVisible = 0;
			defaultConfigurationName = Release;
		};
/* End XCConfigurationList section */
	};
	rootObject = 72F4611A286C447D009C98B3 /* Project object */;
}
